
Microsoft Visual Studio Solution File, Format Version 12.00
# Visual Studio Version 16
VisualStudioVersion = 16.0.28606.126
MinimumVisualStudioVersion = 10.0.40219.1
Project("{9A19103F-16F7-4668-BE54-9A1E7A4F7556}") = "ProductionMonitoring", "ProductionMonitoring\ProductionMonitoring.csproj", "{C0E5594F-0532-44B7-AA1C-38CCBEB00EE0}"
EndProject
Project("{E53339B2-1760-4266-BCC7-CA923CBCF16C}") = "docker-compose", "docker-compose.dcproj", "{A1A970B7-C1BA-4E30-9411-D76570B01A16}"
EndProject
Project("{9A19103F-16F7-4668-BE54-9A1E7A4F7556}") = "ProductionMonitoring.Admin", "ProductionMonitoring.Admin\ProductionMonitoring.Admin.csproj", "{FEE64E7F-BC57-41FD-918B-550239FF6638}"
EndProject
Global
	GlobalSection(SolutionConfigurationPlatforms) = preSolution
		Debug|Any CPU = Debug|Any CPU
		Release|Any CPU = Release|Any CPU
	EndGlobalSection
	GlobalSection(ProjectConfigurationPlatforms) = postSolution
		{C0E5594F-0532-44B7-AA1C-38CCBEB00EE0}.Debug|Any CPU.ActiveCfg = Debug|Any CPU
		{C0E5594F-0532-44B7-AA1C-38CCBEB00EE0}.Debug|Any CPU.Build.0 = Debug|Any CPU
		{C0E5594F-0532-44B7-AA1C-38CCBEB00EE0}.Release|Any CPU.ActiveCfg = Release|Any CPU
		{C0E5594F-0532-44B7-AA1C-38CCBEB00EE0}.Release|Any CPU.Build.0 = Release|Any CPU
		{A1A970B7-C1BA-4E30-9411-D76570B01A16}.Debug|Any CPU.ActiveCfg = Debug|Any CPU
		{A1A970B7-C1BA-4E30-9411-D76570B01A16}.Debug|Any CPU.Build.0 = Debug|Any CPU
		{A1A970B7-C1BA-4E30-9411-D76570B01A16}.Release|Any CPU.ActiveCfg = Release|Any CPU
		{A1A970B7-C1BA-4E30-9411-D76570B01A16}.Release|Any CPU.Build.0 = Release|Any CPU
		{FEE64E7F-BC57-41FD-918B-550239FF6638}.Debug|Any CPU.ActiveCfg = Debug|Any CPU
		{FEE64E7F-BC57-41FD-918B-550239FF6638}.Debug|Any CPU.Build.0 = Debug|Any CPU
		{FEE64E7F-BC57-41FD-918B-550239FF6638}.Release|Any CPU.ActiveCfg = Release|Any CPU
		{FEE64E7F-BC57-41FD-918B-550239FF6638}.Release|Any CPU.Build.0 = Release|Any CPU
	EndGlobalSection
	GlobalSection(SolutionProperties) = preSolution
		HideSolutionNode = FALSE
	EndGlobalSection
	GlobalSection(ExtensibilityGlobals) = postSolution
		SolutionGuid = {58506EC8-CA33-49D6-98BD-F9B179C40A48}
	EndGlobalSection
EndGlobal
